
Microsoft Visual Studio Solution File, Format Version 12.00
# Visual Studio Version 17
VisualStudioVersion = 17.0.31903.59
MinimumVisualStudioVersion = 10.0.40219.1
Project("{2150E333-8FDC-42A3-9474-1A3956D46DE8}") = "src", "src", "{D7AF2114-9D03-49CF-BD9C-6C3F45D67038}"
EndProject
Project("{FAE04EC0-301F-11D3-BF4B-00C04F79EFBC}") = "TeamManager.Api", "src\TeamManager.Api\TeamManager.Api.csproj", "{AC0AEA2A-EEA1-471C-BC01-4C5B91024A03}"
EndProject
Project("{FAE04EC0-301F-11D3-BF4B-00C04F79EFBC}") = "TeamManager.Core", "src\TeamManager.Core\TeamManager.Core.csproj", "{3F83D7EA-C9B9-4D6E-A57B-C714E479807E}"
EndProject
Project("{FAE04EC0-301F-11D3-BF4B-00C04F79EFBC}") = "TeamManager.Application", "src\TeamManager.Application\TeamManager.Application.csproj", "{3B18BAAD-B78C-4337-A656-69835EEFF3AE}"
EndProject
Project("{FAE04EC0-301F-11D3-BF4B-00C04F79EFBC}") = "TeamManager.Infrastructure", "src\TeamManager.Infrastructure\TeamManager.Infrastructure.csproj", "{57E592FF-2970-4CA4-AC65-3E4D7360117F}"
EndProject
Project("{2150E333-8FDC-42A3-9474-1A3956D46DE8}") = "tests", "tests", "{A5395D27-604A-4902-A010-F7B1111DF9C2}"
EndProject
Project("{FAE04EC0-301F-11D3-BF4B-00C04F79EFBC}") = "TeamManager.Tests.Unit", "tests\TeamManager.Tests.Unit\TeamManager.Tests.Unit.csproj", "{3DC20E86-67B7-4101-8469-37F4195BC7CF}"
EndProject
Project("{FAE04EC0-301F-11D3-BF4B-00C04F79EFBC}") = "TeamManager.Tests.Integration", "tests\TeamManager.Tests.Integration\TeamManager.Tests.Integration.csproj", "{D54CAE08-5A89-46AE-85B1-E65E4C341D04}"
EndProject
Project("{2150E333-8FDC-42A3-9474-1A3956D46DE8}") = "TeamManager.Common", "TeamManager.Common", "{48E446F9-1EFA-4DEA-BADB-784577AA8F43}"
EndProject
Project("{FAE04EC0-301F-11D3-BF4B-00C04F79EFBC}") = "TeamManager.Common.AspNet", "src\TeamManager.Common.AspNet\TeamManager.Common.AspNet.csproj", "{4C7D3AAB-F15F-40B7-BF56-527CF1CAA004}"
EndProject
Project("{FAE04EC0-301F-11D3-BF4B-00C04F79EFBC}") = "TeamManger.Common.Extensions", "src\TeamManger.Common.Extensions\TeamManger.Common.Extensions.csproj", "{F3A54D1F-1996-4C78-920F-0221A17E8963}"
EndProject
Project("{FAE04EC0-301F-11D3-BF4B-00C04F79EFBC}") = "TeamManager.Common.MediatR", "src\TeamManager.Common.MediatR\TeamManager.Common.MediatR.csproj", "{9537677D-5625-40D2-A380-9978AD98527B}"
EndProject
Project("{FAE04EC0-301F-11D3-BF4B-00C04F79EFBC}") = "TeamManager.Common.Core", "src\TeamManager.Common.Core\TeamManager.Common.Core.csproj", "{847F3308-F8D7-41FE-8325-7A1A2D3F88E9}"
EndProject
Global
	GlobalSection(SolutionConfigurationPlatforms) = preSolution
		Debug|Any CPU = Debug|Any CPU
		Release|Any CPU = Release|Any CPU
	EndGlobalSection
	GlobalSection(SolutionProperties) = preSolution
		HideSolutionNode = FALSE
	EndGlobalSection
	GlobalSection(ProjectConfigurationPlatforms) = postSolution
		{AC0AEA2A-EEA1-471C-BC01-4C5B91024A03}.Debug|Any CPU.ActiveCfg = Debug|Any CPU
		{AC0AEA2A-EEA1-471C-BC01-4C5B91024A03}.Debug|Any CPU.Build.0 = Debug|Any CPU
		{AC0AEA2A-EEA1-471C-BC01-4C5B91024A03}.Release|Any CPU.ActiveCfg = Release|Any CPU
		{AC0AEA2A-EEA1-471C-BC01-4C5B91024A03}.Release|Any CPU.Build.0 = Release|Any CPU
		{3F83D7EA-C9B9-4D6E-A57B-C714E479807E}.Debug|Any CPU.ActiveCfg = Debug|Any CPU
		{3F83D7EA-C9B9-4D6E-A57B-C714E479807E}.Debug|Any CPU.Build.0 = Debug|Any CPU
		{3F83D7EA-C9B9-4D6E-A57B-C714E479807E}.Release|Any CPU.ActiveCfg = Release|Any CPU
		{3F83D7EA-C9B9-4D6E-A57B-C714E479807E}.Release|Any CPU.Build.0 = Release|Any CPU
		{3B18BAAD-B78C-4337-A656-69835EEFF3AE}.Debug|Any CPU.ActiveCfg = Debug|Any CPU
		{3B18BAAD-B78C-4337-A656-69835EEFF3AE}.Debug|Any CPU.Build.0 = Debug|Any CPU
		{3B18BAAD-B78C-4337-A656-69835EEFF3AE}.Release|Any CPU.ActiveCfg = Release|Any CPU
		{3B18BAAD-B78C-4337-A656-69835EEFF3AE}.Release|Any CPU.Build.0 = Release|Any CPU
		{57E592FF-2970-4CA4-AC65-3E4D7360117F}.Debug|Any CPU.ActiveCfg = Debug|Any CPU
		{57E592FF-2970-4CA4-AC65-3E4D7360117F}.Debug|Any CPU.Build.0 = Debug|Any CPU
		{57E592FF-2970-4CA4-AC65-3E4D7360117F}.Release|Any CPU.ActiveCfg = Release|Any CPU
		{57E592FF-2970-4CA4-AC65-3E4D7360117F}.Release|Any CPU.Build.0 = Release|Any CPU
		{3DC20E86-67B7-4101-8469-37F4195BC7CF}.Debug|Any CPU.ActiveCfg = Debug|Any CPU
		{3DC20E86-67B7-4101-8469-37F4195BC7CF}.Debug|Any CPU.Build.0 = Debug|Any CPU
		{3DC20E86-67B7-4101-8469-37F4195BC7CF}.Release|Any CPU.ActiveCfg = Release|Any CPU
		{3DC20E86-67B7-4101-8469-37F4195BC7CF}.Release|Any CPU.Build.0 = Release|Any CPU
		{D54CAE08-5A89-46AE-85B1-E65E4C341D04}.Debug|Any CPU.ActiveCfg = Debug|Any CPU
		{D54CAE08-5A89-46AE-85B1-E65E4C341D04}.Debug|Any CPU.Build.0 = Debug|Any CPU
		{D54CAE08-5A89-46AE-85B1-E65E4C341D04}.Release|Any CPU.ActiveCfg = Release|Any CPU
		{D54CAE08-5A89-46AE-85B1-E65E4C341D04}.Release|Any CPU.Build.0 = Release|Any CPU
		{4C7D3AAB-F15F-40B7-BF56-527CF1CAA004}.Debug|Any CPU.ActiveCfg = Debug|Any CPU
		{4C7D3AAB-F15F-40B7-BF56-527CF1CAA004}.Debug|Any CPU.Build.0 = Debug|Any CPU
		{4C7D3AAB-F15F-40B7-BF56-527CF1CAA004}.Release|Any CPU.ActiveCfg = Release|Any CPU
		{4C7D3AAB-F15F-40B7-BF56-527CF1CAA004}.Release|Any CPU.Build.0 = Release|Any CPU
		{F3A54D1F-1996-4C78-920F-0221A17E8963}.Debug|Any CPU.ActiveCfg = Debug|Any CPU
		{F3A54D1F-1996-4C78-920F-0221A17E8963}.Debug|Any CPU.Build.0 = Debug|Any CPU
		{F3A54D1F-1996-4C78-920F-0221A17E8963}.Release|Any CPU.ActiveCfg = Release|Any CPU
		{F3A54D1F-1996-4C78-920F-0221A17E8963}.Release|Any CPU.Build.0 = Release|Any CPU
		{9537677D-5625-40D2-A380-9978AD98527B}.Debug|Any CPU.ActiveCfg = Debug|Any CPU
		{9537677D-5625-40D2-A380-9978AD98527B}.Debug|Any CPU.Build.0 = Debug|Any CPU
		{9537677D-5625-40D2-A380-9978AD98527B}.Release|Any CPU.ActiveCfg = Release|Any CPU
		{9537677D-5625-40D2-A380-9978AD98527B}.Release|Any CPU.Build.0 = Release|Any CPU
		{847F3308-F8D7-41FE-8325-7A1A2D3F88E9}.Debug|Any CPU.ActiveCfg = Debug|Any CPU
		{847F3308-F8D7-41FE-8325-7A1A2D3F88E9}.Debug|Any CPU.Build.0 = Debug|Any CPU
		{847F3308-F8D7-41FE-8325-7A1A2D3F88E9}.Release|Any CPU.ActiveCfg = Release|Any CPU
		{847F3308-F8D7-41FE-8325-7A1A2D3F88E9}.Release|Any CPU.Build.0 = Release|Any CPU
	EndGlobalSection
	GlobalSection(NestedProjects) = preSolution
		{AC0AEA2A-EEA1-471C-BC01-4C5B91024A03} = {D7AF2114-9D03-49CF-BD9C-6C3F45D67038}
		{3F83D7EA-C9B9-4D6E-A57B-C714E479807E} = {D7AF2114-9D03-49CF-BD9C-6C3F45D67038}
		{3B18BAAD-B78C-4337-A656-69835EEFF3AE} = {D7AF2114-9D03-49CF-BD9C-6C3F45D67038}
		{57E592FF-2970-4CA4-AC65-3E4D7360117F} = {D7AF2114-9D03-49CF-BD9C-6C3F45D67038}
		{3DC20E86-67B7-4101-8469-37F4195BC7CF} = {A5395D27-604A-4902-A010-F7B1111DF9C2}
		{D54CAE08-5A89-46AE-85B1-E65E4C341D04} = {A5395D27-604A-4902-A010-F7B1111DF9C2}
		{48E446F9-1EFA-4DEA-BADB-784577AA8F43} = {D7AF2114-9D03-49CF-BD9C-6C3F45D67038}
		{4C7D3AAB-F15F-40B7-BF56-527CF1CAA004} = {48E446F9-1EFA-4DEA-BADB-784577AA8F43}
		{F3A54D1F-1996-4C78-920F-0221A17E8963} = {48E446F9-1EFA-4DEA-BADB-784577AA8F43}
		{9537677D-5625-40D2-A380-9978AD98527B} = {48E446F9-1EFA-4DEA-BADB-784577AA8F43}
		{847F3308-F8D7-41FE-8325-7A1A2D3F88E9} = {48E446F9-1EFA-4DEA-BADB-784577AA8F43}
	EndGlobalSection
EndGlobal
